
Microsoft Visual Studio Solution File, Format Version 12.00
# Visual Studio Version 17
VisualStudioVersion = 17.5.33424.131
MinimumVisualStudioVersion = 10.0.40219.1
Project("{FAE04EC0-301F-11D3-BF4B-00C04F79EFBC}") = "Quiz", "Quiz\Quiz.csproj", "{43378E62-EECC-4777-B648-E4D9F1D324F8}"
EndProject
Global
	GlobalSection(SolutionConfigurationPlatforms) = preSolution
		Debug|Any CPU = Debug|Any CPU
		Release|Any CPU = Release|Any CPU
	EndGlobalSection
	GlobalSection(ProjectConfigurationPlatforms) = postSolution
		{43378E62-EECC-4777-B648-E4D9F1D324F8}.Debug|Any CPU.ActiveCfg = Debug|Any CPU
		{43378E62-EECC-4777-B648-E4D9F1D324F8}.Debug|Any CPU.Build.0 = Debug|Any CPU
		{43378E62-EECC-4777-B648-E4D9F1D324F8}.Release|Any CPU.ActiveCfg = Release|Any CPU
		{43378E62-EECC-4777-B648-E4D9F1D324F8}.Release|Any CPU.Build.0 = Release|Any CPU
	EndGlobalSection
	GlobalSection(SolutionProperties) = preSolution
		HideSolutionNode = FALSE
	EndGlobalSection
	GlobalSection(ExtensibilityGlobals) = postSolution
		SolutionGuid = {FF858CF5-CB60-4B0D-813E-BD23F2240A2B}
	EndGlobalSection
EndGlobal
